
Microsoft Visual Studio Solution File, Format Version 12.00
# Visual Studio Version 18
VisualStudioVersion = 18.4.11626.88 stable
MinimumVisualStudioVersion = 10.0.40219.1
Project("{FAE04EC0-301F-11D3-BF4B-00C04F79EFBC}") = "Core", "Core\Core.csproj", "{28E1F9DD-FD6C-42BD-A999-CB6628DA6578}"
EndProject
Project("{FAE04EC0-301F-11D3-BF4B-00C04F79EFBC}") = "DAL", "DAL\DAL.csproj", "{D57696A8-6FE3-4A99-82DE-DE5B1070747D}"
EndProject
Project("{FAE04EC0-301F-11D3-BF4B-00C04F79EFBC}") = "Service", "Service\Service.csproj", "{2B98AEE8-7C26-4977-94A5-FC392CBD9117}"
EndProject
Project("{2150E333-8FDC-42A3-9474-1A3956D46DE8}") = "MicroServices", "MicroServices", "{02EA681E-C7D8-13C7-8484-4AC65E1B71E8}"
EndProject
Project("{FAE04EC0-301F-11D3-BF4B-00C04F79EFBC}") = "User.API", "User.API\User.API.csproj", "{2855BD67-5181-4381-9AED-BFA2643C60B7}"
EndProject
Project("{FAE04EC0-301F-11D3-BF4B-00C04F79EFBC}") = "Auth.API", "Auth.API\Auth.API.csproj", "{6CCB51E9-DAB4-2CD9-A6C7-0D831C6FB937}"
EndProject
Project("{FAE04EC0-301F-11D3-BF4B-00C04F79EFBC}") = "Gateway", "Gateway\Gateway.csproj", "{2CADB68C-FB3B-D474-56C8-AE901F365B9C}"
EndProject
Project("{2150E333-8FDC-42A3-9474-1A3956D46DE8}") = "Éléments de solution", "Éléments de solution", "{9C8CB701-102D-CF49-A3E0-89AC09D42C2C}"
	ProjectSection(SolutionItems) = preProject
		docker-compose.yml = docker-compose.yml
	EndProjectSection
EndProject
Project("{FAE04EC0-301F-11D3-BF4B-00C04F79EFBC}") = "Gestion_de_stock.API", "Gestion_de_stock.API\Gestion_de_stock.API.csproj", "{3FD7C604-9BE7-471D-B060-C08F2A09485A}"
EndProject
Project("{FAE04EC0-301F-11D3-BF4B-00C04F79EFBC}") = "Client.API", "Client.API\Client.API.csproj", "{E9FA2AED-90FD-43A1-8326-2FE927BB78A8}"
EndProject
Project("{FAE04EC0-301F-11D3-BF4B-00C04F79EFBC}") = "Commande.API", "Commande.API\Commande.API.csproj", "{4FF7C8E6-E16E-4383-A55B-1AADB047B87B}"
EndProject
Project("{FAE04EC0-301F-11D3-BF4B-00C04F79EFBC}") = "Facturation.API", "Facturation.API\Facturation.API.csproj", "{E5E0F3AF-E77A-4EE2-8717-D2619135910D}"
EndProject
Project("{FAE04EC0-301F-11D3-BF4B-00C04F79EFBC}") = "Livraison.API", "Livraison.API\Livraison.API.csproj", "{A5C7B968-E421-4A83-AD78-13980070EB19}"
EndProject
Global
	GlobalSection(SolutionConfigurationPlatforms) = preSolution
		Debug|Any CPU = Debug|Any CPU
		Debug|x64 = Debug|x64
		Debug|x86 = Debug|x86
		Release|Any CPU = Release|Any CPU
		Release|x64 = Release|x64
		Release|x86 = Release|x86
	EndGlobalSection
	GlobalSection(ProjectConfigurationPlatforms) = postSolution
		{28E1F9DD-FD6C-42BD-A999-CB6628DA6578}.Debug|Any CPU.ActiveCfg = Debug|Any CPU
		{28E1F9DD-FD6C-42BD-A999-CB6628DA6578}.Debug|Any CPU.Build.0 = Debug|Any CPU
		{28E1F9DD-FD6C-42BD-A999-CB6628DA6578}.Debug|x64.ActiveCfg = Debug|Any CPU
		{28E1F9DD-FD6C-42BD-A999-CB6628DA6578}.Debug|x64.Build.0 = Debug|Any CPU
		{28E1F9DD-FD6C-42BD-A999-CB6628DA6578}.Debug|x86.ActiveCfg = Debug|Any CPU
		{28E1F9DD-FD6C-42BD-A999-CB6628DA6578}.Debug|x86.Build.0 = Debug|Any CPU
		{28E1F9DD-FD6C-42BD-A999-CB6628DA6578}.Release|Any CPU.ActiveCfg = Release|Any CPU
		{28E1F9DD-FD6C-42BD-A999-CB6628DA6578}.Release|Any CPU.Build.0 = Release|Any CPU
		{28E1F9DD-FD6C-42BD-A999-CB6628DA6578}.Release|x64.ActiveCfg = Release|Any CPU
		{28E1F9DD-FD6C-42BD-A999-CB6628DA6578}.Release|x64.Build.0 = Release|Any CPU
		{28E1F9DD-FD6C-42BD-A999-CB6628DA6578}.Release|x86.ActiveCfg = Release|Any CPU
		{28E1F9DD-FD6C-42BD-A999-CB6628DA6578}.Release|x86.Build.0 = Release|Any CPU
		{D57696A8-6FE3-4A99-82DE-DE5B1070747D}.Debug|Any CPU.ActiveCfg = Debug|Any CPU
		{D57696A8-6FE3-4A99-82DE-DE5B1070747D}.Debug|Any CPU.Build.0 = Debug|Any CPU
		{D57696A8-6FE3-4A99-82DE-DE5B1070747D}.Debug|x64.ActiveCfg = Debug|Any CPU
		{D57696A8-6FE3-4A99-82DE-DE5B1070747D}.Debug|x64.Build.0 = Debug|Any CPU
		{D57696A8-6FE3-4A99-82DE-DE5B1070747D}.Debug|x86.ActiveCfg = Debug|Any CPU
		{D57696A8-6FE3-4A99-82DE-DE5B1070747D}.Debug|x86.Build.0 = Debug|Any CPU
		{D57696A8-6FE3-4A99-82DE-DE5B1070747D}.Release|Any CPU.ActiveCfg = Release|Any CPU
		{D57696A8-6FE3-4A99-82DE-DE5B1070747D}.Release|Any CPU.Build.0 = Release|Any CPU
		{D57696A8-6FE3-4A99-82DE-DE5B1070747D}.Release|x64.ActiveCfg = Release|Any CPU
		{D57696A8-6FE3-4A99-82DE-DE5B1070747D}.Release|x64.Build.0 = Release|Any CPU
		{D57696A8-6FE3-4A99-82DE-DE5B1070747D}.Release|x86.ActiveCfg = Release|Any CPU
		{D57696A8-6FE3-4A99-82DE-DE5B1070747D}.Release|x86.Build.0 = Release|Any CPU
		{2B98AEE8-7C26-4977-94A5-FC392CBD9117}.Debug|Any CPU.ActiveCfg = Debug|Any CPU
		{2B98AEE8-7C26-4977-94A5-FC392CBD9117}.Debug|Any CPU.Build.0 = Debug|Any CPU
		{2B98AEE8-7C26-4977-94A5-FC392CBD9117}.Debug|x64.ActiveCfg = Debug|Any CPU
		{2B98AEE8-7C26-4977-94A5-FC392CBD9117}.Debug|x64.Build.0 = Debug|Any CPU
		{2B98AEE8-7C26-4977-94A5-FC392CBD9117}.Debug|x86.ActiveCfg = Debug|Any CPU
		{2B98AEE8-7C26-4977-94A5-FC392CBD9117}.Debug|x86.Build.0 = Debug|Any CPU
		{2B98AEE8-7C26-4977-94A5-FC392CBD9117}.Release|Any CPU.ActiveCfg = Release|Any CPU
		{2B98AEE8-7C26-4977-94A5-FC392CBD9117}.Release|Any CPU.Build.0 = Release|Any CPU
		{2B98AEE8-7C26-4977-94A5-FC392CBD9117}.Release|x64.ActiveCfg = Release|Any CPU
		{2B98AEE8-7C26-4977-94A5-FC392CBD9117}.Release|x64.Build.0 = Release|Any CPU
		{2B98AEE8-7C26-4977-94A5-FC392CBD9117}.Release|x86.ActiveCfg = Release|Any CPU
		{2B98AEE8-7C26-4977-94A5-FC392CBD9117}.Release|x86.Build.0 = Release|Any CPU
		{2855BD67-5181-4381-9AED-BFA2643C60B7}.Debug|Any CPU.ActiveCfg = Debug|Any CPU
		{2855BD67-5181-4381-9AED-BFA2643C60B7}.Debug|Any CPU.Build.0 = Debug|Any CPU
		{2855BD67-5181-4381-9AED-BFA2643C60B7}.Debug|x64.ActiveCfg = Debug|Any CPU
		{2855BD67-5181-4381-9AED-BFA2643C60B7}.Debug|x64.Build.0 = Debug|Any CPU
		{2855BD67-5181-4381-9AED-BFA2643C60B7}.Debug|x86.ActiveCfg = Debug|Any CPU
		{2855BD67-5181-4381-9AED-BFA2643C60B7}.Debug|x86.Build.0 = Debug|Any CPU
		{2855BD67-5181-4381-9AED-BFA2643C60B7}.Release|Any CPU.ActiveCfg = Release|Any CPU
		{2855BD67-5181-4381-9AED-BFA2643C60B7}.Release|Any CPU.Build.0 = Release|Any CPU
		{2855BD67-5181-4381-9AED-BFA2643C60B7}.Release|x64.ActiveCfg = Release|Any CPU
		{2855BD67-5181-4381-9AED-BFA2643C60B7}.Release|x64.Build.0 = Release|Any CPU
		{2855BD67-5181-4381-9AED-BFA2643C60B7}.Release|x86.ActiveCfg = Release|Any CPU
		{2855BD67-5181-4381-9AED-BFA2643C60B7}.Release|x86.Build.0 = Release|Any CPU
		{6CCB51E9-DAB4-2CD9-A6C7-0D831C6FB937}.Debug|Any CPU.ActiveCfg = Debug|Any CPU
		{6CCB51E9-DAB4-2CD9-A6C7-0D831C6FB937}.Debug|Any CPU.Build.0 = Debug|Any CPU
		{6CCB51E9-DAB4-2CD9-A6C7-0D831C6FB937}.Debug|x64.ActiveCfg = Debug|Any CPU
		{6CCB51E9-DAB4-2CD9-A6C7-0D831C6FB937}.Debug|x64.Build.0 = Debug|Any CPU
		{6CCB51E9-DAB4-2CD9-A6C7-0D831C6FB937}.Debug|x86.ActiveCfg = Debug|Any CPU
		{6CCB51E9-DAB4-2CD9-A6C7-0D831C6FB937}.Debug|x86.Build.0 = Debug|Any CPU
		{6CCB51E9-DAB4-2CD9-A6C7-0D831C6FB937}.Release|Any CPU.ActiveCfg = Release|Any CPU
		{6CCB51E9-DAB4-2CD9-A6C7-0D831C6FB937}.Release|Any CPU.Build.0 = Release|Any CPU
		{6CCB51E9-DAB4-2CD9-A6C7-0D831C6FB937}.Release|x64.ActiveCfg = Release|Any CPU
		{6CCB51E9-DAB4-2CD9-A6C7-0D831C6FB937}.Release|x64.Build.0 = Release|Any CPU
		{6CCB51E9-DAB4-2CD9-A6C7-0D831C6FB937}.Release|x86.ActiveCfg = Release|Any CPU
		{6CCB51E9-DAB4-2CD9-A6C7-0D831C6FB937}.Release|x86.Build.0 = Release|Any CPU
		{2CADB68C-FB3B-D474-56C8-AE901F365B9C}.Debug|Any CPU.ActiveCfg = Debug|Any CPU
		{2CADB68C-FB3B-D474-56C8-AE901F365B9C}.Debug|Any CPU.Build.0 = Debug|Any CPU
		{2CADB68C-FB3B-D474-56C8-AE901F365B9C}.Debug|x64.ActiveCfg = Debug|Any CPU
		{2CADB68C-FB3B-D474-56C8-AE901F365B9C}.Debug|x64.Build.0 = Debug|Any CPU
		{2CADB68C-FB3B-D474-56C8-AE901F365B9C}.Debug|x86.ActiveCfg = Debug|Any CPU
		{2CADB68C-FB3B-D474-56C8-AE901F365B9C}.Debug|x86.Build.0 = Debug|Any CPU
		{2CADB68C-FB3B-D474-56C8-AE901F365B9C}.Release|Any CPU.ActiveCfg = Release|Any CPU
		{2CADB68C-FB3B-D474-56C8-AE901F365B9C}.Release|Any CPU.Build.0 = Release|Any CPU
		{2CADB68C-FB3B-D474-56C8-AE901F365B9C}.Release|x64.ActiveCfg = Release|Any CPU
		{2CADB68C-FB3B-D474-56C8-AE901F365B9C}.Release|x64.Build.0 = Release|Any CPU
		{2CADB68C-FB3B-D474-56C8-AE901F365B9C}.Release|x86.ActiveCfg = Release|Any CPU
		{2CADB68C-FB3B-D474-56C8-AE901F365B9C}.Release|x86.Build.0 = Release|Any CPU
		{3FD7C604-9BE7-471D-B060-C08F2A09485A}.Debug|Any CPU.ActiveCfg = Debug|Any CPU
		{3FD7C604-9BE7-471D-B060-C08F2A09485A}.Debug|Any CPU.Build.0 = Debug|Any CPU
		{3FD7C604-9BE7-471D-B060-C08F2A09485A}.Debug|x64.ActiveCfg = Debug|Any CPU
		{3FD7C604-9BE7-471D-B060-C08F2A09485A}.Debug|x64.Build.0 = Debug|Any CPU
		{3FD7C604-9BE7-471D-B060-C08F2A09485A}.Debug|x86.ActiveCfg = Debug|Any CPU
		{3FD7C604-9BE7-471D-B060-C08F2A09485A}.Debug|x86.Build.0 = Debug|Any CPU
		{3FD7C604-9BE7-471D-B060-C08F2A09485A}.Release|Any CPU.ActiveCfg = Release|Any CPU
		{3FD7C604-9BE7-471D-B060-C08F2A09485A}.Release|Any CPU.Build.0 = Release|Any CPU
		{3FD7C604-9BE7-471D-B060-C08F2A09485A}.Release|x64.ActiveCfg = Release|Any CPU
		{3FD7C604-9BE7-471D-B060-C08F2A09485A}.Release|x64.Build.0 = Release|Any CPU
		{3FD7C604-9BE7-471D-B060-C08F2A09485A}.Release|x86.ActiveCfg = Release|Any CPU
		{3FD7C604-9BE7-471D-B060-C08F2A09485A}.Release|x86.Build.0 = Release|Any CPU
		{E9FA2AED-90FD-43A1-8326-2FE927BB78A8}.Debug|Any CPU.ActiveCfg = Debug|Any CPU
		{E9FA2AED-90FD-43A1-8326-2FE927BB78A8}.Debug|Any CPU.Build.0 = Debug|Any CPU
		{E9FA2AED-90FD-43A1-8326-2FE927BB78A8}.Debug|x64.ActiveCfg = Debug|Any CPU
		{E9FA2AED-90FD-43A1-8326-2FE927BB78A8}.Debug|x64.Build.0 = Debug|Any CPU
		{E9FA2AED-90FD-43A1-8326-2FE927BB78A8}.Debug|x86.ActiveCfg = Debug|Any CPU
		{E9FA2AED-90FD-43A1-8326-2FE927BB78A8}.Debug|x86.Build.0 = Debug|Any CPU
		{E9FA2AED-90FD-43A1-8326-2FE927BB78A8}.Release|Any CPU.ActiveCfg = Release|Any CPU
		{E9FA2AED-90FD-43A1-8326-2FE927BB78A8}.Release|Any CPU.Build.0 = Release|Any CPU
		{E9FA2AED-90FD-43A1-8326-2FE927BB78A8}.Release|x64.ActiveCfg = Release|Any CPU
		{E9FA2AED-90FD-43A1-8326-2FE927BB78A8}.Release|x64.Build.0 = Release|Any CPU
		{E9FA2AED-90FD-43A1-8326-2FE927BB78A8}.Release|x86.ActiveCfg = Release|Any CPU
		{E9FA2AED-90FD-43A1-8326-2FE927BB78A8}.Release|x86.Build.0 = Release|Any CPU
		{4FF7C8E6-E16E-4383-A55B-1AADB047B87B}.Debug|Any CPU.ActiveCfg = Debug|Any CPU
		{4FF7C8E6-E16E-4383-A55B-1AADB047B87B}.Debug|Any CPU.Build.0 = Debug|Any CPU
		{4FF7C8E6-E16E-4383-A55B-1AADB047B87B}.Debug|x64.ActiveCfg = Debug|Any CPU
		{4FF7C8E6-E16E-4383-A55B-1AADB047B87B}.Debug|x64.Build.0 = Debug|Any CPU
		{4FF7C8E6-E16E-4383-A55B-1AADB047B87B}.Debug|x86.ActiveCfg = Debug|Any CPU
		{4FF7C8E6-E16E-4383-A55B-1AADB047B87B}.Debug|x86.Build.0 = Debug|Any CPU
		{4FF7C8E6-E16E-4383-A55B-1AADB047B87B}.Release|Any CPU.ActiveCfg = Release|Any CPU
		{4FF7C8E6-E16E-4383-A55B-1AADB047B87B}.Release|Any CPU.Build.0 = Release|Any CPU
		{4FF7C8E6-E16E-4383-A55B-1AADB047B87B}.Release|x64.ActiveCfg = Release|Any CPU
		{4FF7C8E6-E16E-4383-A55B-1AADB047B87B}.Release|x64.Build.0 = Release|Any CPU
		{4FF7C8E6-E16E-4383-A55B-1AADB047B87B}.Release|x86.ActiveCfg = Release|Any CPU
		{4FF7C8E6-E16E-4383-A55B-1AADB047B87B}.Release|x86.Build.0 = Release|Any CPU
		{E5E0F3AF-E77A-4EE2-8717-D2619135910D}.Debug|Any CPU.ActiveCfg = Debug|Any CPU
		{E5E0F3AF-E77A-4EE2-8717-D2619135910D}.Debug|Any CPU.Build.0 = Debug|Any CPU
		{E5E0F3AF-E77A-4EE2-8717-D2619135910D}.Debug|x64.ActiveCfg = Debug|Any CPU
		{E5E0F3AF-E77A-4EE2-8717-D2619135910D}.Debug|x64.Build.0 = Debug|Any CPU
		{E5E0F3AF-E77A-4EE2-8717-D2619135910D}.Debug|x86.ActiveCfg = Debug|Any CPU
		{E5E0F3AF-E77A-4EE2-8717-D2619135910D}.Debug|x86.Build.0 = Debug|Any CPU
		{E5E0F3AF-E77A-4EE2-8717-D2619135910D}.Release|Any CPU.ActiveCfg = Release|Any CPU
		{E5E0F3AF-E77A-4EE2-8717-D2619135910D}.Release|Any CPU.Build.0 = Release|Any CPU
		{E5E0F3AF-E77A-4EE2-8717-D2619135910D}.Release|x64.ActiveCfg = Release|Any CPU
		{E5E0F3AF-E77A-4EE2-8717-D2619135910D}.Release|x64.Build.0 = Release|Any CPU
		{E5E0F3AF-E77A-4EE2-8717-D2619135910D}.Release|x86.ActiveCfg = Release|Any CPU
		{E5E0F3AF-E77A-4EE2-8717-D2619135910D}.Release|x86.Build.0 = Release|Any CPU
		{A5C7B968-E421-4A83-AD78-13980070EB19}.Debug|Any CPU.ActiveCfg = Debug|Any CPU
		{A5C7B968-E421-4A83-AD78-13980070EB19}.Debug|Any CPU.Build.0 = Debug|Any CPU
		{A5C7B968-E421-4A83-AD78-13980070EB19}.Debug|x64.ActiveCfg = Debug|Any CPU
		{A5C7B968-E421-4A83-AD78-13980070EB19}.Debug|x64.Build.0 = Debug|Any CPU
		{A5C7B968-E421-4A83-AD78-13980070EB19}.Debug|x86.ActiveCfg = Debug|Any CPU
		{A5C7B968-E421-4A83-AD78-13980070EB19}.Debug|x86.Build.0 = Debug|Any CPU
		{A5C7B968-E421-4A83-AD78-13980070EB19}.Release|Any CPU.ActiveCfg = Release|Any CPU
		{A5C7B968-E421-4A83-AD78-13980070EB19}.Release|Any CPU.Build.0 = Release|Any CPU
		{A5C7B968-E421-4A83-AD78-13980070EB19}.Release|x64.ActiveCfg = Release|Any CPU
		{A5C7B968-E421-4A83-AD78-13980070EB19}.Release|x64.Build.0 = Release|Any CPU
		{A5C7B968-E421-4A83-AD78-13980070EB19}.Release|x86.ActiveCfg = Release|Any CPU
		{A5C7B968-E421-4A83-AD78-13980070EB19}.Release|x86.Build.0 = Release|Any CPU
	EndGlobalSection
	GlobalSection(SolutionProperties) = preSolution
		HideSolutionNode = FALSE
	EndGlobalSection
	GlobalSection(NestedProjects) = preSolution
		{2855BD67-5181-4381-9AED-BFA2643C60B7} = {02EA681E-C7D8-13C7-8484-4AC65E1B71E8}
		{6CCB51E9-DAB4-2CD9-A6C7-0D831C6FB937} = {02EA681E-C7D8-13C7-8484-4AC65E1B71E8}
		{3FD7C604-9BE7-471D-B060-C08F2A09485A} = {02EA681E-C7D8-13C7-8484-4AC65E1B71E8}
		{E9FA2AED-90FD-43A1-8326-2FE927BB78A8} = {02EA681E-C7D8-13C7-8484-4AC65E1B71E8}
		{4FF7C8E6-E16E-4383-A55B-1AADB047B87B} = {02EA681E-C7D8-13C7-8484-4AC65E1B71E8}
		{E5E0F3AF-E77A-4EE2-8717-D2619135910D} = {02EA681E-C7D8-13C7-8484-4AC65E1B71E8}
		{A5C7B968-E421-4A83-AD78-13980070EB19} = {02EA681E-C7D8-13C7-8484-4AC65E1B71E8}
	EndGlobalSection
	GlobalSection(ExtensibilityGlobals) = postSolution
		SolutionGuid = {94A47CBC-E58B-425C-86A6-FBAA8FD0FC93}
	EndGlobalSection
EndGlobal
